
Microsoft Visual Studio Solution File, Format Version 12.00
# Visual Studio 15
VisualStudioVersion = 15.0.26430.13
MinimumVisualStudioVersion = 10.0.40219.1
Project("{8BC9CEB8-8B4A-11D0-8D11-00A0C91BC942}") = "Main", "projects\Main.vcxproj", "{8EE8F1F3-C9F0-434F-B583-1EE4D299AE06}"
	ProjectSection(ProjectDependencies) = postProject
		{C661F8B5-0D7D-4CA4-A570-7B827D84B34C} = {C661F8B5-0D7D-4CA4-A570-7B827D84B34C}
	EndProjectSection
EndProject
Project("{8BC9CEB8-8B4A-11D0-8D11-00A0C91BC942}") = "External", "projects\External.vcxproj", "{C661F8B5-0D7D-4CA4-A570-7B827D84B34C}"
EndProject
Project("{8BC9CEB8-8B4A-11D0-8D11-00A0C91BC942}") = "Tests", "projects\Tests.vcxproj", "{0CD624FA-798D-424E-AD1D-76589FC4D210}"
EndProject
Global
	GlobalSection(SolutionConfigurationPlatforms) = preSolution
		Debug|Win32 = Debug|Win32
		Debug|x64 = Debug|x64
		Release|Win32 = Release|Win32
		Release|x64 = Release|x64
	EndGlobalSection
	GlobalSection(ProjectConfigurationPlatforms) = postSolution
		{8EE8F1F3-C9F0-434F-B583-1EE4D299AE06}.Debug|Win32.ActiveCfg = Debug|Win32
		{8EE8F1F3-C9F0-434F-B583-1EE4D299AE06}.Debug|Win32.Build.0 = Debug|Win32
		{8EE8F1F3-C9F0-434F-B583-1EE4D299AE06}.Debug|x64.ActiveCfg = Debug|x64
		{8EE8F1F3-C9F0-434F-B583-1EE4D299AE06}.Debug|x64.Build.0 = Debug|x64
		{8EE8F1F3-C9F0-434F-B583-1EE4D299AE06}.Release|Win32.ActiveCfg = Release|Win32
		{8EE8F1F3-C9F0-434F-B583-1EE4D299AE06}.Release|Win32.Build.0 = Release|Win32
		{8EE8F1F3-C9F0-434F-B583-1EE4D299AE06}.Release|x64.ActiveCfg = Release|x64
		{8EE8F1F3-C9F0-434F-B583-1EE4D299AE06}.Release|x64.Build.0 = Release|x64
		{C661F8B5-0D7D-4CA4-A570-7B827D84B34C}.Debug|Win32.ActiveCfg = Debug|Win32
		{C661F8B5-0D7D-4CA4-A570-7B827D84B34C}.Debug|Win32.Build.0 = Debug|Win32
		{C661F8B5-0D7D-4CA4-A570-7B827D84B34C}.Debug|x64.ActiveCfg = Debug|x64
		{C661F8B5-0D7D-4CA4-A570-7B827D84B34C}.Debug|x64.Build.0 = Debug|x64
		{C661F8B5-0D7D-4CA4-A570-7B827D84B34C}.Release|Win32.ActiveCfg = Release|Win32
		{C661F8B5-0D7D-4CA4-A570-7B827D84B34C}.Release|Win32.Build.0 = Release|Win32
		{C661F8B5-0D7D-4CA4-A570-7B827D84B34C}.Release|x64.ActiveCfg = Release|x64
		{C661F8B5-0D7D-4CA4-A570-7B827D84B34C}.Release|x64.Build.0 = Release|x64
		{0CD624FA-798D-424E-AD1D-76589FC4D210}.Debug|Win32.ActiveCfg = Debug|Win32
		{0CD624FA-798D-424E-AD1D-76589FC4D210}.Debug|Win32.Build.0 = Debug|Win32
		{0CD624FA-798D-424E-AD1D-76589FC4D210}.Debug|x64.ActiveCfg = Debug|x64
		{0CD624FA-798D-424E-AD1D-76589FC4D210}.Debug|x64.Build.0 = Debug|x64
		{0CD624FA-798D-424E-AD1D-76589FC4D210}.Release|Win32.ActiveCfg = Release|Win32
		{0CD624FA-798D-424E-AD1D-76589FC4D210}.Release|Win32.Build.0 = Release|Win32
		{0CD624FA-798D-424E-AD1D-76589FC4D210}.Release|x64.ActiveCfg = Release|x64
		{0CD624FA-798D-424E-AD1D-76589FC4D210}.Release|x64.Build.0 = Release|x64
	EndGlobalSection
	GlobalSection(SolutionProperties) = preSolution
		HideSolutionNode = FALSE
	EndGlobalSection
	GlobalSection(ExtensibilityGlobals) = postSolution
		SolutionGuid = {C91275BA-F762-43EB-8E9C-20BB5F6E71F7}
	EndGlobalSection
EndGlobal
