
Microsoft Visual Studio Solution File, Format Version 12.00
# Visual Studio 15
VisualStudioVersion = 15.0.26430.13
MinimumVisualStudioVersion = 10.0.40219.1
Project("{8BC9CEB8-8B4A-11D0-8D11-00A0C91BC942}") = "Main", "projects\Main.vcxproj", "{8EE8F1F3-C9F0-434F-B583-1EE4D299AE06}"
EndProject
Global
	GlobalSection(SolutionConfigurationPlatforms) = preSolution
		Debug|x64 = Debug|x64
		Debug|Win32 = Debug|Win32
		Release|x64 = Release|x64
		Release|Win32 = Release|Win32
	EndGlobalSection
	GlobalSection(ProjectConfigurationPlatforms) = postSolution
		{8EE8F1F3-C9F0-434F-B583-1EE4D299AE06}.Debug|x64.ActiveCfg = Debug|x64
		{8EE8F1F3-C9F0-434F-B583-1EE4D299AE06}.Debug|x64.Build.0 = Debug|x64
		{8EE8F1F3-C9F0-434F-B583-1EE4D299AE06}.Debug|Win32.ActiveCfg = Debug|Win32
		{8EE8F1F3-C9F0-434F-B583-1EE4D299AE06}.Debug|Win32.Build.0 = Debug|Win32
		{8EE8F1F3-C9F0-434F-B583-1EE4D299AE06}.Release|x64.ActiveCfg = Release|x64
		{8EE8F1F3-C9F0-434F-B583-1EE4D299AE06}.Release|x64.Build.0 = Release|x64
		{8EE8F1F3-C9F0-434F-B583-1EE4D299AE06}.Release|Win32.ActiveCfg = Release|Win32
		{8EE8F1F3-C9F0-434F-B583-1EE4D299AE06}.Release|Win32.Build.0 = Release|Win32
	EndGlobalSection
	GlobalSection(SolutionProperties) = preSolution
		HideSolutionNode = FALSE
	EndGlobalSection
	GlobalSection(ExtensibilityGlobals) = postSolution
		SolutionGuid = {C91275BA-F762-43EB-8E9C-20BB5F6E71F7}
	EndGlobalSection
EndGlobal
